{
  "name": "frontend",
  "version": "0.1.0",
  "lockfileVersion": 3,
  "requires": true,
  "packages": {
    "": {
      "name": "frontend",
      "version": "0.1.0",
      "dependencies": {
        "@angular/common": "^20.2.3",
        "@angular/core": "^20.2.3",
        "@angular/forms": "^20.2.3",
        "@angular/platform-browser": "^20.2.3",
        "@angular/platform-browser-dynamic": "^20.2.3",
        "@angular/router": "^20.2.3",
        "@capacitor/core": "^7.4.3",
        "@capacitor/geolocation": "^7.1.5",
        "@capacitor/local-notifications": "^7.0.2",
        "@capacitor/push-notifications": "^7.0.2",
        "@ionic/angular": "^8.7.3",
        "ionicons": "^8.0.13",
        "rxjs": "^7.8.2"
      }
    },
    "node_modules/@angular/common": {
      "version": "20.2.3",
      "resolved": "https://registry.npmjs.org/@angular/common/-/common-20.2.3.tgz",
      "integrity": "sha512-QLffWL8asy2oG7p3jvoNmx9s1V1WuJAm6JmQ1S8J3AN/BxumCJan49Nj8rctP8J4uwJDPQV48hqbXUdl1v7CDg==",
      "license": "MIT",
      "dependencies": {
        "tslib": "^2.3.0"
      },
      "engines": {
        "node": "^20.19.0 || ^22.12.0 || >=24.0.0"
      },
      "peerDependencies": {
        "@angular/core": "20.2.3",
        "rxjs": "^6.5.3 || ^7.4.0"
      }
    },
    "node_modules/@angular/compiler": {
      "version": "20.2.3",
      "resolved": "https://registry.npmjs.org/@angular/compiler/-/compiler-20.2.3.tgz",
      "integrity": "sha512-vYGDluko8zAIWhQmKijhcGO0tzanwGONDRgbJ01mCqUsQV+XwmDgUUDZKrUY9uve0wxxM3Xvo4/BjEpGpeG75w==",
      "license": "MIT",
      "peer": true,
      "dependencies": {
        "tslib": "^2.3.0"
      },
      "engines": {
        "node": "^20.19.0 || ^22.12.0 || >=24.0.0"
      }
    },
    "node_modules/@angular/core": {
      "version": "20.2.3",
      "resolved": "https://registry.npmjs.org/@angular/core/-/core-20.2.3.tgz",
      "integrity": "sha512-pFMfg11X8SNNZHcLa+wy4y+eAN3FApt+wPzaxkaXaJ64c+tyHcrPNLotoWgE0jmiw8Idn4gGjKAL/WC0uw5dQA==",
      "license": "MIT",
      "dependencies": {
        "tslib": "^2.3.0"
      },
      "engines": {
        "node": "^20.19.0 || ^22.12.0 || >=24.0.0"
      },
      "peerDependencies": {
        "@angular/compiler": "20.2.3",
        "rxjs": "^6.5.3 || ^7.4.0",
        "zone.js": "~0.15.0"
      },
      "peerDependenciesMeta": {
        "@angular/compiler": {
          "optional": true
        },
        "zone.js": {
          "optional": true
        }
      }
    },
    "node_modules/@angular/forms": {
      "version": "20.2.3",
      "resolved": "https://registry.npmjs.org/@angular/forms/-/forms-20.2.3.tgz",
      "integrity": "sha512-efMn/Hnspg91SzRTm69WpyGq0dgbCtWqUOrR0iZXTR/oDlJw9F/y/nrST36tOBwRNT0QQ2iU5z43iJY1Rl1Bng==",
      "license": "MIT",
      "dependencies": {
        "tslib": "^2.3.0"
      },
      "engines": {
        "node": "^20.19.0 || ^22.12.0 || >=24.0.0"
      },
      "peerDependencies": {
        "@angular/common": "20.2.3",
        "@angular/core": "20.2.3",
        "@angular/platform-browser": "20.2.3",
        "rxjs": "^6.5.3 || ^7.4.0"
      }
    },
    "node_modules/@angular/platform-browser": {
      "version": "20.2.3",
      "resolved": "https://registry.npmjs.org/@angular/platform-browser/-/platform-browser-20.2.3.tgz",
      "integrity": "sha512-oNaRqcGUve+E/CwR9fJb8uern5rb7qNOis1bZRdPXq5rHKaWgDCxUPkoqxRi0EytorntuYsWYPUPW3ul4Ea9tw==",
      "license": "MIT",
      "dependencies": {
        "tslib": "^2.3.0"
      },
      "engines": {
        "node": "^20.19.0 || ^22.12.0 || >=24.0.0"
      },
      "peerDependencies": {
        "@angular/animations": "20.2.3",
        "@angular/common": "20.2.3",
        "@angular/core": "20.2.3"
      },
      "peerDependenciesMeta": {
        "@angular/animations": {
          "optional": true
        }
      }
    },
    "node_modules/@angular/platform-browser-dynamic": {
      "version": "20.2.3",
      "resolved": "https://registry.npmjs.org/@angular/platform-browser-dynamic/-/platform-browser-dynamic-20.2.3.tgz",
      "integrity": "sha512-uxqLv2yNibd2vf3OObyH4arVfwu+o9FKgkUcnFUdowK31emiZe1nAY8uEe/92JIsMMAoIllI/GAVzWH8dp05mg==",
      "license": "MIT",
      "dependencies": {
        "tslib": "^2.3.0"
      },
      "engines": {
        "node": "^20.19.0 || ^22.12.0 || >=24.0.0"
      },
      "peerDependencies": {
        "@angular/common": "20.2.3",
        "@angular/compiler": "20.2.3",
        "@angular/core": "20.2.3",
        "@angular/platform-browser": "20.2.3"
      }
    },
    "node_modules/@angular/router": {
      "version": "20.2.3",
      "resolved": "https://registry.npmjs.org/@angular/router/-/router-20.2.3.tgz",
      "integrity": "sha512-r8yGJcxHPfeIHZOoyCxN2H4nMgBD/k4TVTFaq8MHf5ryy1iLzayIMPJTFaZe7xpwlJJuBYEjBrYfUN38fYKWgA==",
      "license": "MIT",
      "dependencies": {
        "tslib": "^2.3.0"
      },
      "engines": {
        "node": "^20.19.0 || ^22.12.0 || >=24.0.0"
      },
      "peerDependencies": {
        "@angular/common": "20.2.3",
        "@angular/core": "20.2.3",
        "@angular/platform-browser": "20.2.3",
        "rxjs": "^6.5.3 || ^7.4.0"
      }
    },
    "node_modules/@capacitor/core": {
      "version": "7.4.3",
      "resolved": "https://registry.npmjs.org/@capacitor/core/-/core-7.4.3.tgz",
      "integrity": "sha512-wCWr8fQ9Wxn0466vPg7nMn0tivbNVjNy1yL4GvDSIZuZx7UpU2HeVGNe9QjN/quEd+YLRFeKEBLBw619VqUiNg==",
      "license": "MIT",
      "dependencies": {
        "tslib": "^2.1.0"
      }
    },
    "node_modules/@capacitor/geolocation": {
      "version": "7.1.5",
      "resolved": "https://registry.npmjs.org/@capacitor/geolocation/-/geolocation-7.1.5.tgz",
      "integrity": "sha512-ndfFI4Hd1JF3aYcehtM+PHlP+PqTQZOVzxKupbMqzocDEwF1SCkr2gcO8yZ0NeFvyVdw1jRjOpHXZZUNQRV2sA==",
      "license": "MIT",
      "dependencies": {
        "@capacitor/synapse": "^1.0.3"
      },
      "peerDependencies": {
        "@capacitor/core": ">=7.0.0"
      }
    },
    "node_modules/@capacitor/local-notifications": {
      "version": "7.0.2",
      "resolved": "https://registry.npmjs.org/@capacitor/local-notifications/-/local-notifications-7.0.2.tgz",
      "integrity": "sha512-U83dKWZjqpD3BBc9nSW24/3rdzpCMgVgcenOmjtc5eee0OSdE3hFAB9RmmRFZbvg0XE3BmrBt595BnzcAEeqaQ==",
      "license": "MIT",
      "peerDependencies": {
        "@capacitor/core": ">=7.0.0"
      }
    },
    "node_modules/@capacitor/push-notifications": {
      "version": "7.0.2",
      "resolved": "https://registry.npmjs.org/@capacitor/push-notifications/-/push-notifications-7.0.2.tgz",
      "integrity": "sha512-naw1R61V0qlEBa4CsF7+w3ay7V1PdZ4bQ1cJum+lgZB/yz3ASb6fRHm5GPjJFgTR9ET8zN0Q9y7lfgMTBgDOiA==",
      "license": "MIT",
      "peerDependencies": {
        "@capacitor/core": ">=7.0.0"
      }
    },
    "node_modules/@capacitor/synapse": {
      "version": "1.0.4",
      "resolved": "https://registry.npmjs.org/@capacitor/synapse/-/synapse-1.0.4.tgz",
      "integrity": "sha512-/C1FUo8/OkKuAT4nCIu/34ny9siNHr9qtFezu4kxm6GY1wNFxrCFWjfYx5C1tUhVGz3fxBABegupkpjXvjCHrw==",
      "license": "ISC"
    },
    "node_modules/@ionic/angular": {
      "version": "8.7.3",
      "resolved": "https://registry.npmjs.org/@ionic/angular/-/angular-8.7.3.tgz",
      "integrity": "sha512-Fd2bsluwsi88d8AEvSVANn3a7xZ7NEmlvgVTLnuF9VTI0TgdkLQptgEolty00axnQdjCaxSXxgFJd/m0gVpKIg==",
      "license": "MIT",
      "dependencies": {
        "@ionic/core": "8.7.3",
        "ionicons": "^8.0.13",
        "jsonc-parser": "^3.0.0",
        "tslib": "^2.3.0"
      },
      "peerDependencies": {
        "@angular/core": ">=16.0.0",
        "@angular/forms": ">=16.0.0",
        "@angular/router": ">=16.0.0",
        "rxjs": ">=7.5.0",
        "zone.js": ">=0.13.0"
      }
    },
    "node_modules/@ionic/core": {
      "version": "8.7.3",
      "resolved": "https://registry.npmjs.org/@ionic/core/-/core-8.7.3.tgz",
      "integrity": "sha512-KdyMxpMDQj+uqpztpK6yvN/T96hqcDiGXQ4T+aAZ+LW3wV3+0it6/rbh9C1B/wCl4Isnm4IRltPabgEfNJ50nw==",
      "license": "MIT",
      "dependencies": {
        "@stencil/core": "4.36.2",
        "ionicons": "^8.0.13",
        "tslib": "^2.1.0"
      }
    },
    "node_modules/@rollup/rollup-darwin-arm64": {
      "version": "4.34.9",
      "resolved": "https://registry.npmjs.org/@rollup/rollup-darwin-arm64/-/rollup-darwin-arm64-4.34.9.tgz",
      "integrity": "sha512-0CY3/K54slrzLDjOA7TOjN1NuLKERBgk9nY5V34mhmuu673YNb+7ghaDUs6N0ujXR7fz5XaS5Aa6d2TNxZd0OQ==",
      "cpu": [
        "arm64"
      ],
      "license": "MIT",
      "optional": true,
      "os": [
        "darwin"
      ]
    },
    "node_modules/@rollup/rollup-darwin-x64": {
      "version": "4.34.9",
      "resolved": "https://registry.npmjs.org/@rollup/rollup-darwin-x64/-/rollup-darwin-x64-4.34.9.tgz",
      "integrity": "sha512-eOojSEAi/acnsJVYRxnMkPFqcxSMFfrw7r2iD9Q32SGkb/Q9FpUY1UlAu1DH9T7j++gZ0lHjnm4OyH2vCI7l7Q==",
      "cpu": [
        "x64"
      ],
      "license": "MIT",
      "optional": true,
      "os": [
        "darwin"
      ]
    },
    "node_modules/@rollup/rollup-linux-arm64-gnu": {
      "version": "4.34.9",
      "resolved": "https://registry.npmjs.org/@rollup/rollup-linux-arm64-gnu/-/rollup-linux-arm64-gnu-4.34.9.tgz",
      "integrity": "sha512-6TZjPHjKZUQKmVKMUowF3ewHxctrRR09eYyvT5eFv8w/fXarEra83A2mHTVJLA5xU91aCNOUnM+DWFMSbQ0Nxw==",
      "cpu": [
        "arm64"
      ],
      "license": "MIT",
      "optional": true,
      "os": [
        "linux"
      ]
    },
    "node_modules/@rollup/rollup-linux-arm64-musl": {
      "version": "4.34.9",
      "resolved": "https://registry.npmjs.org/@rollup/rollup-linux-arm64-musl/-/rollup-linux-arm64-musl-4.34.9.tgz",
      "integrity": "sha512-LD2fytxZJZ6xzOKnMbIpgzFOuIKlxVOpiMAXawsAZ2mHBPEYOnLRK5TTEsID6z4eM23DuO88X0Tq1mErHMVq0A==",
      "cpu": [
        "arm64"
      ],
      "license": "MIT",
      "optional": true,
      "os": [
        "linux"
      ]
    },
    "node_modules/@rollup/rollup-linux-x64-gnu": {
      "version": "4.34.9",
      "resolved": "https://registry.npmjs.org/@rollup/rollup-linux-x64-gnu/-/rollup-linux-x64-gnu-4.34.9.tgz",
      "integrity": "sha512-FwBHNSOjUTQLP4MG7y6rR6qbGw4MFeQnIBrMe161QGaQoBQLqSUEKlHIiVgF3g/mb3lxlxzJOpIBhaP+C+KP2A==",
      "cpu": [
        "x64"
      ],
      "license": "MIT",
      "optional": true,
      "os": [
        "linux"
      ]
    },
    "node_modules/@rollup/rollup-linux-x64-musl": {
      "version": "4.34.9",
      "resolved": "https://registry.npmjs.org/@rollup/rollup-linux-x64-musl/-/rollup-linux-x64-musl-4.34.9.tgz",
      "integrity": "sha512-cYRpV4650z2I3/s6+5/LONkjIz8MBeqrk+vPXV10ORBnshpn8S32bPqQ2Utv39jCiDcO2eJTuSlPXpnvmaIgRA==",
      "cpu": [
        "x64"
      ],
      "license": "MIT",
      "optional": true,
      "os": [
        "linux"
      ]
    },
    "node_modules/@rollup/rollup-win32-arm64-msvc": {
      "version": "4.34.9",
      "resolved": "https://registry.npmjs.org/@rollup/rollup-win32-arm64-msvc/-/rollup-win32-arm64-msvc-4.34.9.tgz",
      "integrity": "sha512-z4mQK9dAN6byRA/vsSgQiPeuO63wdiDxZ9yg9iyX2QTzKuQM7T4xlBoeUP/J8uiFkqxkcWndWi+W7bXdPbt27Q==",
      "cpu": [
        "arm64"
      ],
      "license": "MIT",
      "optional": true,
      "os": [
        "win32"
      ]
    },
    "node_modules/@rollup/rollup-win32-x64-msvc": {
      "version": "4.34.9",
      "resolved": "https://registry.npmjs.org/@rollup/rollup-win32-x64-msvc/-/rollup-win32-x64-msvc-4.34.9.tgz",
      "integrity": "sha512-AyleYRPU7+rgkMWbEh71fQlrzRfeP6SyMnRf9XX4fCdDPAJumdSBqYEcWPMzVQ4ScAl7E4oFfK0GUVn77xSwbw==",
      "cpu": [
        "x64"
      ],
      "license": "MIT",
      "optional": true,
      "os": [
        "win32"
      ]
    },
    "node_modules/@stencil/core": {
      "version": "4.36.2",
      "resolved": "https://registry.npmjs.org/@stencil/core/-/core-4.36.2.tgz",
      "integrity": "sha512-PRFSpxNzX9Oi0Wfh02asztN9Sgev/MacfZwmd+VVyE6ZxW+a/kEpAYZhzGAmE+/aKVOGYuug7R9SulanYGxiDQ==",
      "license": "MIT",
      "bin": {
        "stencil": "bin/stencil"
      },
      "engines": {
        "node": ">=16.0.0",
        "npm": ">=7.10.0"
      },
      "optionalDependencies": {
        "@rollup/rollup-darwin-arm64": "4.34.9",
        "@rollup/rollup-darwin-x64": "4.34.9",
        "@rollup/rollup-linux-arm64-gnu": "4.34.9",
        "@rollup/rollup-linux-arm64-musl": "4.34.9",
        "@rollup/rollup-linux-x64-gnu": "4.34.9",
        "@rollup/rollup-linux-x64-musl": "4.34.9",
        "@rollup/rollup-win32-arm64-msvc": "4.34.9",
        "@rollup/rollup-win32-x64-msvc": "4.34.9"
      }
    },
    "node_modules/ionicons": {
      "version": "8.0.13",
      "resolved": "https://registry.npmjs.org/ionicons/-/ionicons-8.0.13.tgz",
      "integrity": "sha512-2QQVyG2P4wszne79jemMjWYLp0DBbDhr4/yFroPCxvPP1wtMxgdIV3l5n+XZ5E9mgoXU79w7yTWpm2XzJsISxQ==",
      "license": "MIT",
      "dependencies": {
        "@stencil/core": "^4.35.3"
      }
    },
    "node_modules/jsonc-parser": {
      "version": "3.3.1",
      "resolved": "https://registry.npmjs.org/jsonc-parser/-/jsonc-parser-3.3.1.tgz",
      "integrity": "sha512-HUgH65KyejrUFPvHFPbqOY0rsFip3Bo5wb4ngvdi1EpCYWUQDC5V+Y7mZws+DLkr4M//zQJoanu1SP+87Dv1oQ==",
      "license": "MIT"
    },
    "node_modules/rxjs": {
      "version": "7.8.2",
      "resolved": "https://registry.npmjs.org/rxjs/-/rxjs-7.8.2.tgz",
      "integrity": "sha512-dhKf903U/PQZY6boNNtAGdWbG85WAbjT/1xYoZIC7FAY0yWapOBQVsVrDl58W86//e1VpMNBtRV4MaXfdMySFA==",
      "license": "Apache-2.0",
      "dependencies": {
        "tslib": "^2.1.0"
      }
    },
    "node_modules/tslib": {
      "version": "2.8.1",
      "resolved": "https://registry.npmjs.org/tslib/-/tslib-2.8.1.tgz",
      "integrity": "sha512-oJFu94HQb+KVduSUQL7wnpmqnfmLsOA/nAh6b6EH0wCEoK0/mPeXU6c3wKDV83MkOuHPRHtSXKKU99IBazS/2w==",
      "license": "0BSD"
    },
    "node_modules/zone.js": {
      "version": "0.15.1",
      "resolved": "https://registry.npmjs.org/zone.js/-/zone.js-0.15.1.tgz",
      "integrity": "sha512-XE96n56IQpJM7NAoXswY3XRLcWFW83xe0BiAOeMD7K5k5xecOeul3Qcpx6GqEeeHNkW5DWL5zOyTbEfB4eti8w==",
      "license": "MIT",
      "peer": true
    }
  }
}
